
Microsoft Visual Studio Solution File, Format Version 12.00
# Visual Studio 15
VisualStudioVersion = 15.0.27703.2026
MinimumVisualStudioVersion = 10.0.40219.1
Project("{FAE04EC0-301F-11D3-BF4B-00C04F79EFBC}") = "ChasWare.MultiLogViewer", "ChasWare.MultiLogViewer\ChasWare.MultiLogViewer.csproj", "{622EA901-490C-4871-A77C-A651F246A93F}"
EndProject
Global
	GlobalSection(SolutionConfigurationPlatforms) = preSolution
		Debug|Any CPU = Debug|Any CPU
		Release|Any CPU = Release|Any CPU
	EndGlobalSection
	GlobalSection(ProjectConfigurationPlatforms) = postSolution
		{622EA901-490C-4871-A77C-A651F246A93F}.Debug|Any CPU.ActiveCfg = Debug|Any CPU
		{622EA901-490C-4871-A77C-A651F246A93F}.Debug|Any CPU.Build.0 = Debug|Any CPU
		{622EA901-490C-4871-A77C-A651F246A93F}.Release|Any CPU.ActiveCfg = Release|Any CPU
		{622EA901-490C-4871-A77C-A651F246A93F}.Release|Any CPU.Build.0 = Release|Any CPU
	EndGlobalSection
	GlobalSection(SolutionProperties) = preSolution
		HideSolutionNode = FALSE
	EndGlobalSection
	GlobalSection(ExtensibilityGlobals) = postSolution
		SolutionGuid = {B13CB3CC-279C-40DD-8297-16E7A56EC3C7}
	EndGlobalSection
EndGlobal
